# Generated by buf. DO NOT EDIT.
version: v2
deps:
  - name: buf.build/einride/googleapis
    commit: 4b867c1ec59445ff95009ca2a3e6cb4c
    digest: b5:171dbbe44bbd9c2621aecf5ae8e2e378764b57f801ee062da16bae501b849777c96a0a9c85761a1b423549faf83815324912906993ce4a15230e3c0694775316
  - name: buf.build/einride/iam
    commit: c9c6613b427541958e0ad8f7d1dc29f3
    digest: b5:5218e00971200da1a3eaff9576040d7d726bfd4d31d05c10d10775946ea2d2bee2d96ae4bbefca8a5bca6594f39e14a4aa94e923e111ff3377a77676d4991f1f
  - name: buf.build/googleapis/googleapis
    commit: 61b203b9a9164be9a834f58c37be6f62
    digest: b5:7811a98b35bd2e4ae5c3ac73c8b3d9ae429f3a790da15de188dc98fc2b77d6bb10e45711f14903af9553fa9821dff256054f2e4b7795789265bc476bec2f088c
